
Microsoft Visual Studio Solution File, Format Version 12.00
# Visual Studio Version 16
VisualStudioVersion = 16.0.30611.23
MinimumVisualStudioVersion = 10.0.40219.1
Project("{FAE04EC0-301F-11D3-BF4B-00C04F79EFBC}") = "Sikidomok", "Sikidomok.csproj", "{EB001D76-E011-4E9A-8EBC-1E5E9B4EC526}"
EndProject
Global
	GlobalSection(SolutionConfigurationPlatforms) = preSolution
		Debug|Any CPU = Debug|Any CPU
		Release|Any CPU = Release|Any CPU
	EndGlobalSection
	GlobalSection(ProjectConfigurationPlatforms) = postSolution
		{EB001D76-E011-4E9A-8EBC-1E5E9B4EC526}.Debug|Any CPU.ActiveCfg = Debug|Any CPU
		{EB001D76-E011-4E9A-8EBC-1E5E9B4EC526}.Debug|Any CPU.Build.0 = Debug|Any CPU
		{EB001D76-E011-4E9A-8EBC-1E5E9B4EC526}.Release|Any CPU.ActiveCfg = Release|Any CPU
		{EB001D76-E011-4E9A-8EBC-1E5E9B4EC526}.Release|Any CPU.Build.0 = Release|Any CPU
	EndGlobalSection
	GlobalSection(SolutionProperties) = preSolution
		HideSolutionNode = FALSE
	EndGlobalSection
	GlobalSection(ExtensibilityGlobals) = postSolution
		SolutionGuid = {15CA5235-0E0E-47C1-8F6C-C08AB7B39EAD}
	EndGlobalSection
EndGlobal
